{
  "version": 4,
  "terraform_version": "1.7.5",
  "serial": 31,
  "lineage": "e7556f0e-07a0-ecd1-55f1-e81e77030c42",
  "outputs": {
    "service_ip": {
      "value": "34.160.89.20",
      "type": "string"
    }
  },
  "resources": [
    {
      "mode": "data",
      "type": "http",
      "name": "myip",
      "provider": "provider[\"registry.terraform.io/hashicorp/http\"]",
      "instances": [
        {
          "schema_version": 0,
          "attributes": {
            "body": "94.71.4.207\n",
            "ca_cert_pem": null,
            "id": "http://ipv4.icanhazip.com",
            "insecure": null,
            "method": null,
            "request_body": null,
            "request_headers": null,
            "request_timeout_ms": null,
            "response_body": "94.71.4.207\n",
            "response_body_base64": "OTQuNzEuNC4yMDcK",
            "response_headers": {
              "Access-Control-Allow-Methods": "GET",
              "Access-Control-Allow-Origin": "*",
              "Alt-Svc": "h3=\":443\"; ma=86400",
              "Cf-Ray": "868f449b9ea96f55-ATH",
              "Connection": "keep-alive",
              "Content-Length": "12",
              "Content-Type": "text/plain",
              "Date": "Sat, 23 Mar 2024 14:56:24 GMT",
              "Server": "cloudflare",
              "Set-Cookie": "__cf_bm=P8FOx6tKHLavQszwpGv.4B0M7DD5LPv3zIkWirTtK5Q-1711205784-1.0.1.1-.hg57mW2PqpWFAH9zjsHVm7E8Fq03BgYUGeJUb1.pponLETr7cQuvKDKhFgFETF10x5Ba0Ap_9IJsIrsCvH6SQ; path=/; expires=Sat, 23-Mar-24 15:26:24 GMT; domain=.icanhazip.com; HttpOnly; SameSite=None",
              "Vary": "Accept-Encoding"
            },
            "retry": null,
            "status_code": 200,
            "url": "http://ipv4.icanhazip.com"
          },
          "sensitive_attributes": []
        }
      ]
    },
    {
      "mode": "managed",
      "type": "google_compute_security_policy",
      "name": "policy",
      "provider": "provider[\"registry.terraform.io/hashicorp/google\"]",
      "instances": [
        {
          "schema_version": 0,
          "attributes": {
            "adaptive_protection_config": [],
            "advanced_options_config": [],
            "description": "",
            "fingerprint": "rFi8ORc6OZo=",
            "id": "projects/gothic-avenue-412217/global/securityPolicies/mage-security-policy",
            "name": "mage-security-policy",
            "project": "gothic-avenue-412217",
            "recaptcha_options_config": [],
            "rule": [
              {
                "action": "allow",
                "description": "Whitelist IP",
                "header_action": [],
                "match": [
                  {
                    "config": [
                      {
                        "src_ip_ranges": [
                          "94.71.4.207/32"
                        ]
                      }
                    ],
                    "expr": [],
                    "versioned_expr": "SRC_IPS_V1"
                  }
                ],
                "preview": false,
                "priority": 100,
                "rate_limit_options": [],
                "redirect_options": []
              },
              {
                "action": "deny(403)",
                "description": "default rule",
                "header_action": [],
                "match": [
                  {
                    "config": [
                      {
                        "src_ip_ranges": [
                          "*"
                        ]
                      }
                    ],
                    "expr": [],
                    "versioned_expr": "SRC_IPS_V1"
                  }
                ],
                "preview": false,
                "priority": 2147483647,
                "rate_limit_options": [],
                "redirect_options": []
              }
            ],
            "self_link": "https://www.googleapis.com/compute/v1/projects/gothic-avenue-412217/global/securityPolicies/mage-security-policy",
            "timeouts": null,
            "type": "CLOUD_ARMOR"
          },
          "sensitive_attributes": [],
          "private": "eyJlMmJmYjczMC1lY2FhLTExZTYtOGY4OC0zNDM2M2JjN2M0YzAiOnsiY3JlYXRlIjo0ODAwMDAwMDAwMDAsImRlbGV0ZSI6NDgwMDAwMDAwMDAwLCJ1cGRhdGUiOjQ4MDAwMDAwMDAwMH19",
          "dependencies": [
            "data.http.myip"
          ]
        }
      ]
    },
    {
      "mode": "managed",
      "type": "google_filestore_instance",
      "name": "instance",
      "provider": "provider[\"registry.terraform.io/hashicorp/google\"]",
      "instances": [
        {
          "schema_version": 1,
          "attributes": {
            "create_time": "2024-03-23T14:36:12.783015736Z",
            "description": "",
            "etag": "",
            "file_shares": [
              {
                "capacity_gb": 1024,
                "name": "share1",
                "nfs_export_options": [],
                "source_backup": ""
              }
            ],
            "id": "projects/gothic-avenue-412217/locations/us-west2-a/instances/de-zoomcamp-mage",
            "kms_key_name": "",
            "labels": {},
            "location": "us-west2-a",
            "name": "mage",
            "networks": [
              {
                "connect_mode": "DIRECT_PEERING",
                "ip_addresses": [
                  "10.232.122.186"
                ],
                "modes": [
                  "MODE_IPV4"
                ],
                "network": "default",
                "reserved_ip_range": ""
              }
            ],
            "project": "gothic-avenue-412217",
            "tier": "BASIC_HDD",
            "timeouts": null,
            "zone": null
          },
          "sensitive_attributes": [],
          "private": "eyJlMmJmYjczMC1lY2FhLTExZTYtOGY4OC0zNDM2M2JjN2M0YzAiOnsiY3JlYXRlIjoxMjAwMDAwMDAwMDAwLCJkZWxldGUiOjEyMDAwMDAwMDAwMDAsInVwZGF0ZSI6MTIwMDAwMDAwMDAwMH0sInNjaGVtYV92ZXJzaW9uIjoiMSJ9"
        }
      ]
    },
    {
      "mode": "managed",
      "type": "google_project_service",
      "name": "artifactregistry",
      "provider": "provider[\"registry.terraform.io/hashicorp/google\"]",
      "instances": [
        {
          "schema_version": 0,
          "attributes": {
            "disable_dependent_services": null,
            "disable_on_destroy": false,
            "id": "gothic-avenue-412217/artifactregistry.googleapis.com",
            "project": "gothic-avenue-412217",
            "service": "artifactregistry.googleapis.com",
            "timeouts": null
          },
          "sensitive_attributes": [],
          "private": "eyJlMmJmYjczMC1lY2FhLTExZTYtOGY4OC0zNDM2M2JjN2M0YzAiOnsiY3JlYXRlIjoxMjAwMDAwMDAwMDAwLCJkZWxldGUiOjEyMDAwMDAwMDAwMDAsInJlYWQiOjYwMDAwMDAwMDAwMCwidXBkYXRlIjoxMjAwMDAwMDAwMDAwfX0="
        }
      ]
    },
    {
      "mode": "managed",
      "type": "google_project_service",
      "name": "cloudrun",
      "provider": "provider[\"registry.terraform.io/hashicorp/google\"]",
      "instances": [
        {
          "schema_version": 0,
          "attributes": {
            "disable_dependent_services": null,
            "disable_on_destroy": false,
            "id": "gothic-avenue-412217/run.googleapis.com",
            "project": "gothic-avenue-412217",
            "service": "run.googleapis.com",
            "timeouts": null
          },
          "sensitive_attributes": [],
          "private": "eyJlMmJmYjczMC1lY2FhLTExZTYtOGY4OC0zNDM2M2JjN2M0YzAiOnsiY3JlYXRlIjoxMjAwMDAwMDAwMDAwLCJkZWxldGUiOjEyMDAwMDAwMDAwMDAsInJlYWQiOjYwMDAwMDAwMDAwMCwidXBkYXRlIjoxMjAwMDAwMDAwMDAwfX0="
        }
      ]
    },
    {
      "mode": "managed",
      "type": "google_project_service",
      "name": "iam",
      "provider": "provider[\"registry.terraform.io/hashicorp/google\"]",
      "instances": [
        {
          "schema_version": 0,
          "attributes": {
            "disable_dependent_services": null,
            "disable_on_destroy": false,
            "id": "gothic-avenue-412217/iam.googleapis.com",
            "project": "gothic-avenue-412217",
            "service": "iam.googleapis.com",
            "timeouts": null
          },
          "sensitive_attributes": [],
          "private": "eyJlMmJmYjczMC1lY2FhLTExZTYtOGY4OC0zNDM2M2JjN2M0YzAiOnsiY3JlYXRlIjoxMjAwMDAwMDAwMDAwLCJkZWxldGUiOjEyMDAwMDAwMDAwMDAsInJlYWQiOjYwMDAwMDAwMDAwMCwidXBkYXRlIjoxMjAwMDAwMDAwMDAwfX0="
        }
      ]
    },
    {
      "mode": "managed",
      "type": "google_project_service",
      "name": "resourcemanager",
      "provider": "provider[\"registry.terraform.io/hashicorp/google\"]",
      "instances": [
        {
          "schema_version": 0,
          "attributes": {
            "disable_dependent_services": null,
            "disable_on_destroy": false,
            "id": "gothic-avenue-412217/cloudresourcemanager.googleapis.com",
            "project": "gothic-avenue-412217",
            "service": "cloudresourcemanager.googleapis.com",
            "timeouts": null
          },
          "sensitive_attributes": [],
          "private": "eyJlMmJmYjczMC1lY2FhLTExZTYtOGY4OC0zNDM2M2JjN2M0YzAiOnsiY3JlYXRlIjoxMjAwMDAwMDAwMDAwLCJkZWxldGUiOjEyMDAwMDAwMDAwMDAsInJlYWQiOjYwMDAwMDAwMDAwMCwidXBkYXRlIjoxMjAwMDAwMDAwMDAwfX0="
        }
      ]
    },
    {
      "mode": "managed",
      "type": "google_project_service",
      "name": "secretmanager",
      "provider": "provider[\"registry.terraform.io/hashicorp/google\"]",
      "instances": [
        {
          "schema_version": 0,
          "attributes": {
            "disable_dependent_services": null,
            "disable_on_destroy": false,
            "id": "gothic-avenue-412217/secretmanager.googleapis.com",
            "project": "gothic-avenue-412217",
            "service": "secretmanager.googleapis.com",
            "timeouts": null
          },
          "sensitive_attributes": [],
          "private": "eyJlMmJmYjczMC1lY2FhLTExZTYtOGY4OC0zNDM2M2JjN2M0YzAiOnsiY3JlYXRlIjoxMjAwMDAwMDAwMDAwLCJkZWxldGUiOjEyMDAwMDAwMDAwMDAsInJlYWQiOjYwMDAwMDAwMDAwMCwidXBkYXRlIjoxMjAwMDAwMDAwMDAwfX0="
        }
      ]
    },
    {
      "mode": "managed",
      "type": "google_project_service",
      "name": "sqladmin",
      "provider": "provider[\"registry.terraform.io/hashicorp/google\"]",
      "instances": [
        {
          "schema_version": 0,
          "attributes": {
            "disable_dependent_services": null,
            "disable_on_destroy": false,
            "id": "gothic-avenue-412217/sqladmin.googleapis.com",
            "project": "gothic-avenue-412217",
            "service": "sqladmin.googleapis.com",
            "timeouts": null
          },
          "sensitive_attributes": [],
          "private": "eyJlMmJmYjczMC1lY2FhLTExZTYtOGY4OC0zNDM2M2JjN2M0YzAiOnsiY3JlYXRlIjoxMjAwMDAwMDAwMDAwLCJkZWxldGUiOjEyMDAwMDAwMDAwMDAsInJlYWQiOjYwMDAwMDAwMDAwMCwidXBkYXRlIjoxMjAwMDAwMDAwMDAwfX0="
        }
      ]
    },
    {
      "mode": "managed",
      "type": "google_project_service",
      "name": "vpcaccess",
      "provider": "provider[\"registry.terraform.io/hashicorp/google\"]",
      "instances": [
        {
          "schema_version": 0,
          "attributes": {
            "disable_dependent_services": null,
            "disable_on_destroy": false,
            "id": "gothic-avenue-412217/vpcaccess.googleapis.com",
            "project": "gothic-avenue-412217",
            "service": "vpcaccess.googleapis.com",
            "timeouts": null
          },
          "sensitive_attributes": [],
          "private": "eyJlMmJmYjczMC1lY2FhLTExZTYtOGY4OC0zNDM2M2JjN2M0YzAiOnsiY3JlYXRlIjoxMjAwMDAwMDAwMDAwLCJkZWxldGUiOjEyMDAwMDAwMDAwMDAsInJlYWQiOjYwMDAwMDAwMDAwMCwidXBkYXRlIjoxMjAwMDAwMDAwMDAwfX0="
        }
      ]
    },
    {
      "mode": "managed",
      "type": "google_sql_database",
      "name": "database",
      "provider": "provider[\"registry.terraform.io/hashicorp/google\"]",
      "instances": [
        {
          "schema_version": 0,
          "attributes": {
            "charset": "UTF8",
            "collation": "en_US.UTF8",
            "deletion_policy": "DELETE",
            "id": "projects/gothic-avenue-412217/instances/mage-db-instance/databases/mage-db",
            "instance": "mage-db-instance",
            "name": "mage-db",
            "project": "gothic-avenue-412217",
            "self_link": "https://sqladmin.googleapis.com/sql/v1beta4/projects/gothic-avenue-412217/instances/mage-db-instance/databases/mage-db",
            "timeouts": null
          },
          "sensitive_attributes": [],
          "private": "eyJlMmJmYjczMC1lY2FhLTExZTYtOGY4OC0zNDM2M2JjN2M0YzAiOnsiY3JlYXRlIjoxMjAwMDAwMDAwMDAwLCJkZWxldGUiOjEyMDAwMDAwMDAwMDAsInVwZGF0ZSI6MTIwMDAwMDAwMDAwMH19",
          "dependencies": [
            "google_sql_database_instance.instance"
          ]
        }
      ]
    },
    {
      "mode": "managed",
      "type": "google_sql_database_instance",
      "name": "instance",
      "provider": "provider[\"registry.terraform.io/hashicorp/google\"]",
      "instances": [
        {
          "schema_version": 0,
          "attributes": {
            "available_maintenance_versions": [],
            "clone": [],
            "connection_name": "gothic-avenue-412217:us-west2:mage-db-instance",
            "database_version": "POSTGRES_14",
            "deletion_protection": false,
            "dns_name": "",
            "encryption_key_name": null,
            "first_ip_address": "35.236.43.155",
            "id": "mage-db-instance",
            "instance_type": "CLOUD_SQL_INSTANCE",
            "ip_address": [
              {
                "ip_address": "35.236.43.155",
                "time_to_retire": "",
                "type": "PRIMARY"
              },
              {
                "ip_address": "34.94.156.218",
                "time_to_retire": "",
                "type": "OUTGOING"
              }
            ],
            "maintenance_version": "POSTGRES_14_10.R20240130.00_07",
            "master_instance_name": "",
            "name": "mage-db-instance",
            "private_ip_address": "",
            "project": "gothic-avenue-412217",
            "psc_service_attachment_link": "",
            "public_ip_address": "35.236.43.155",
            "region": "us-west2",
            "replica_configuration": [],
            "restore_backup_context": [],
            "root_password": null,
            "self_link": "https://sqladmin.googleapis.com/sql/v1beta4/projects/gothic-avenue-412217/instances/mage-db-instance",
            "server_ca_cert": [
              {
                "cert": "-----BEGIN CERTIFICATE-----\nMIIDfzCCAmegAwIBAgIBADANBgkqhkiG9w0BAQsFADB3MS0wKwYDVQQuEyQyMjdl\nOTM1OS0yOGNhLTRlZTAtYTdjZC1jYmUzOWMzMWY5ZTExIzAhBgNVBAMTGkdvb2ds\nZSBDbG91ZCBTUUwgU2VydmVyIENBMRQwEgYDVQQKEwtHb29nbGUsIEluYzELMAkG\nA1UEBhMCVVMwHhcNMjQwMzIzMTQ1ODAyWhcNMzQwMzIxMTQ1OTAyWjB3MS0wKwYD\nVQQuEyQyMjdlOTM1OS0yOGNhLTRlZTAtYTdjZC1jYmUzOWMzMWY5ZTExIzAhBgNV\nBAMTGkdvb2dsZSBDbG91ZCBTUUwgU2VydmVyIENBMRQwEgYDVQQKEwtHb29nbGUs\nIEluYzELMAkGA1UEBhMCVVMwggEiMA0GCSqGSIb3DQEBAQUAA4IBDwAwggEKAoIB\nAQCB9n9XWHnN/yMgCSyfcW1A6PzrddHmcRWmyE421Y2t2KvWekKBtgYNwqVw1vbZ\nt0OZnukCrlTeDLTOzwq+6cJOwoQTQ7i0bbwsnNna/E91zk+dNDO17hw9EdXRoTsz\nWVGpmNQyXVpYeGDTX3FJ4Hr4IBko+H2LyjqSTQVBPKcNiwDnY77QN2mHFM6Exjyl\nUjz0wpG39fTooTV1mwlWiMfDboJep2Ksv+00tAa+lWa2q3nE5uOS/1k3IjUJ3t20\n1CJlSaIRpbo1hKrg1rx0ojjtbgTJoShHA99q7cJBiIG0oCBrHANXPg46mTD/U/LN\nm4IDPpjd2FsVcF5rR+fueeQpAgMBAAGjFjAUMBIGA1UdEwEB/wQIMAYBAf8CAQAw\nDQYJKoZIhvcNAQELBQADggEBAG6+7sfvQ62okP4s5gffYiVl64r/CgVb4FJIE4yD\nUd7fOxCVer50kxjlOv1TVsYNst9dK+s4MaAkh/VuSgOu+gV30ahqsqp2OUjvptkm\nTJdF2/+ThZUpwl+vZJPVwuidpbqST6alVDibOrhFLJzJZ7w6KYdQ/OFBPIe01GQ5\nxOC5Aavi4jml1rJDVjFCVZvep6r38hKOvDqnqc9FMRTHE+g9fLlDrRrM8dKwRLy0\n5eXFwvJBqlVPb0u+GOZ7m8hiuVcV7O5YptnkNmsAZwsJf3EZnDL8BNSDYfhEv80G\ni095z3eIeVLyAsRf9XfeUfUaJrsH2BzNIc1UQ5PixqVNGhE=\n-----END CERTIFICATE-----",
                "common_name": "C=US,O=Google\\, Inc,CN=Google Cloud SQL Server CA,dnQualifier=227e9359-28ca-4ee0-a7cd-cbe39c31f9e1",
                "create_time": "2024-03-23T14:58:02.224Z",
                "expiration_time": "2034-03-21T14:59:02.224Z",
                "sha1_fingerprint": "0baf426f4f9eef5910a79d92678b8c7d639061cb"
              }
            ],
            "service_account_email_address": "p920482813895-o12cuw@gcp-sa-cloud-sql.iam.gserviceaccount.com",
            "settings": [
              {
                "activation_policy": "ALWAYS",
                "active_directory_config": [],
                "advanced_machine_features": [],
                "availability_type": "ZONAL",
                "backup_configuration": [
                  {
                    "backup_retention_settings": [
                      {
                        "retained_backups": 7,
                        "retention_unit": "COUNT"
                      }
                    ],
                    "binary_log_enabled": false,
                    "enabled": false,
                    "location": "",
                    "point_in_time_recovery_enabled": false,
                    "start_time": "10:00",
                    "transaction_log_retention_days": 7
                  }
                ],
                "collation": "",
                "connector_enforcement": "NOT_REQUIRED",
                "data_cache_config": [],
                "database_flags": [
                  {
                    "name": "max_connections",
                    "value": "50"
                  }
                ],
                "deletion_protection_enabled": false,
                "deny_maintenance_period": [],
                "disk_autoresize": true,
                "disk_autoresize_limit": 0,
                "disk_size": 10,
                "disk_type": "PD_SSD",
                "edition": "",
                "insights_config": [],
                "ip_configuration": [
                  {
                    "allocated_ip_range": "",
                    "authorized_networks": [],
                    "enable_private_path_for_google_cloud_services": false,
                    "ipv4_enabled": true,
                    "private_network": "",
                    "psc_config": [],
                    "require_ssl": false
                  }
                ],
                "location_preference": [
                  {
                    "follow_gae_application": "",
                    "secondary_zone": "",
                    "zone": "us-west2-a"
                  }
                ],
                "maintenance_window": [],
                "password_validation_policy": [],
                "pricing_plan": "PER_USE",
                "sql_server_audit_config": [],
                "tier": "db-f1-micro",
                "time_zone": "",
                "user_labels": {},
                "version": 1
              }
            ],
            "timeouts": null
          },
          "sensitive_attributes": [],
          "private": "eyJlMmJmYjczMC1lY2FhLTExZTYtOGY4OC0zNDM2M2JjN2M0YzAiOnsiY3JlYXRlIjoyNDAwMDAwMDAwMDAwLCJkZWxldGUiOjE4MDAwMDAwMDAwMDAsInVwZGF0ZSI6MTgwMDAwMDAwMDAwMH19"
        }
      ]
    },
    {
      "mode": "managed",
      "type": "google_sql_user",
      "name": "database-user",
      "provider": "provider[\"registry.terraform.io/hashicorp/google\"]",
      "instances": [
        {
          "schema_version": 1,
          "attributes": {
            "deletion_policy": null,
            "host": "",
            "id": "mageuser//mage-db-instance",
            "instance": "mage-db-instance",
            "name": "mageuser",
            "password": "mage",
            "password_policy": [],
            "project": "gothic-avenue-412217",
            "sql_server_user_details": [],
            "timeouts": null,
            "type": ""
          },
          "sensitive_attributes": [
            [
              {
                "type": "get_attr",
                "value": "password"
              }
            ]
          ],
          "private": "eyJlMmJmYjczMC1lY2FhLTExZTYtOGY4OC0zNDM2M2JjN2M0YzAiOnsiY3JlYXRlIjo2MDAwMDAwMDAwMDAsImRlbGV0ZSI6NjAwMDAwMDAwMDAwLCJ1cGRhdGUiOjYwMDAwMDAwMDAwMH0sInNjaGVtYV92ZXJzaW9uIjoiMSJ9",
          "dependencies": [
            "google_sql_database_instance.instance"
          ]
        }
      ]
    },
    {
      "mode": "managed",
      "type": "google_vpc_access_connector",
      "name": "connector",
      "provider": "provider[\"registry.terraform.io/hashicorp/google\"]",
      "instances": [
        {
          "schema_version": 0,
          "attributes": {
            "connected_projects": [],
            "id": "projects/gothic-avenue-412217/locations/us-west2/connectors/mage-connector",
            "ip_cidr_range": "10.8.0.0/28",
            "machine_type": "e2-micro",
            "max_instances": 3,
            "max_throughput": 300,
            "min_instances": 2,
            "min_throughput": 200,
            "name": "mage-connector",
            "network": "default",
            "project": "gothic-avenue-412217",
            "region": "us-west2",
            "self_link": "projects/gothic-avenue-412217/locations/us-west2/connectors/mage-connector",
            "state": "READY",
            "subnet": [],
            "timeouts": null
          },
          "sensitive_attributes": [],
          "private": "eyJlMmJmYjczMC1lY2FhLTExZTYtOGY4OC0zNDM2M2JjN2M0YzAiOnsiY3JlYXRlIjoxMjAwMDAwMDAwMDAwLCJkZWxldGUiOjEyMDAwMDAwMDAwMDB9fQ=="
        }
      ]
    },
    {
      "module": "module.lb-http",
      "mode": "managed",
      "type": "google_compute_global_address",
      "name": "default",
      "provider": "provider[\"registry.terraform.io/hashicorp/google-beta\"]",
      "instances": [
        {
          "index_key": 0,
          "schema_version": 0,
          "attributes": {
            "address": "34.160.89.20",
            "address_type": "EXTERNAL",
            "creation_timestamp": "2024-03-23T07:56:47.862-07:00",
            "description": "",
            "id": "projects/gothic-avenue-412217/global/addresses/mage-urlmap-address",
            "ip_version": "",
            "label_fingerprint": "tjR8I27v5HY=",
            "labels": {
              "example-label": "cloud-run-example"
            },
            "name": "mage-urlmap-address",
            "network": "",
            "prefix_length": 0,
            "project": "gothic-avenue-412217",
            "purpose": "",
            "self_link": "https://www.googleapis.com/compute/v1/projects/gothic-avenue-412217/global/addresses/mage-urlmap-address",
            "timeouts": null
          },
          "sensitive_attributes": [],
          "private": "eyJlMmJmYjczMC1lY2FhLTExZTYtOGY4OC0zNDM2M2JjN2M0YzAiOnsiY3JlYXRlIjoxMjAwMDAwMDAwMDAwLCJkZWxldGUiOjEyMDAwMDAwMDAwMDAsInVwZGF0ZSI6MTIwMDAwMDAwMDAwMH19"
        }
      ]
    },
    {
      "module": "module.lb-http",
      "mode": "managed",
      "type": "google_compute_url_map",
      "name": "https_redirect",
      "provider": "provider[\"registry.terraform.io/hashicorp/google\"]",
      "instances": []
    }
  ],
  "check_results": null
}
